
Microsoft Visual Studio Solution File, Format Version 12.00
# Visual Studio Version 16
VisualStudioVersion = 16.0.30225.117
MinimumVisualStudioVersion = 10.0.40219.1
Project("{FAE04EC0-301F-11D3-BF4B-00C04F79EFBC}") = "SimpleExcel2Code", "SimpleExcel2Code\SimpleExcel2Code.csproj", "{374AD29E-5E08-46D4-AA3B-704341DD01D2}"
EndProject
Project("{FAE04EC0-301F-11D3-BF4B-00C04F79EFBC}") = "Program", "Program\Program.csproj", "{D887A0AE-ADE6-4F47-AC9A-891593D83658}"
EndProject
Global
	GlobalSection(SolutionConfigurationPlatforms) = preSolution
		Debug|Any CPU = Debug|Any CPU
		Release|Any CPU = Release|Any CPU
	EndGlobalSection
	GlobalSection(ProjectConfigurationPlatforms) = postSolution
		{374AD29E-5E08-46D4-AA3B-704341DD01D2}.Debug|Any CPU.ActiveCfg = Debug|Any CPU
		{374AD29E-5E08-46D4-AA3B-704341DD01D2}.Debug|Any CPU.Build.0 = Debug|Any CPU
		{374AD29E-5E08-46D4-AA3B-704341DD01D2}.Release|Any CPU.ActiveCfg = Release|Any CPU
		{374AD29E-5E08-46D4-AA3B-704341DD01D2}.Release|Any CPU.Build.0 = Release|Any CPU
		{D887A0AE-ADE6-4F47-AC9A-891593D83658}.Debug|Any CPU.ActiveCfg = Debug|Any CPU
		{D887A0AE-ADE6-4F47-AC9A-891593D83658}.Debug|Any CPU.Build.0 = Debug|Any CPU
		{D887A0AE-ADE6-4F47-AC9A-891593D83658}.Release|Any CPU.ActiveCfg = Release|Any CPU
		{D887A0AE-ADE6-4F47-AC9A-891593D83658}.Release|Any CPU.Build.0 = Release|Any CPU
	EndGlobalSection
	GlobalSection(SolutionProperties) = preSolution
		HideSolutionNode = FALSE
	EndGlobalSection
	GlobalSection(ExtensibilityGlobals) = postSolution
		SolutionGuid = {BEA312AD-2EEA-4193-9AB8-175961FD10A7}
	EndGlobalSection
EndGlobal
